{
    "_readme": [
        "This file locks the dependencies of your project to a known state",
        "Read more about it at https://getcomposer.org/doc/01-basic-usage.md#installing-dependencies",
        "This file is @generated automatically"
    ],
    "content-hash": "f359bfc013cd5716d511e1e3ddc96d1d",
    "packages": [
        {
            "name": "boylenstaff/bn-blocks",
            "version": "1.0.14",
            "source": {
                "type": "git",
                "url": "git@github.com:BoylenStaff/bn-blocks.git",
                "reference": "51988365ec007d3a1eccf737839d550b50711b9d"
            },
            "dist": {
                "type": "zip",
                "url": "https://api.github.com/repos/BoylenStaff/bn-blocks/zipball/51988365ec007d3a1eccf737839d550b50711b9d",
                "reference": "51988365ec007d3a1eccf737839d550b50711b9d",
                "shasum": ""
            },
            "require-dev": {
                "squizlabs/php_codesniffer": "*",
                "wp-coding-standards/wpcs": "1.2.1"
            },
            "type": "wordpress-muplugin",
            "description": "Standard Boylen Gutenberg blocks.",
            "support": {
                "source": "https://github.com/BoylenStaff/bn-blocks/tree/1.0.14",
                "issues": "https://github.com/BoylenStaff/bn-blocks/issues"
            },
            "time": "2019-08-08T06:50:12+00:00"
        },
        {
            "name": "boylenstaff/bn-breadcrumbs",
            "version": "1.0.1",
            "source": {
                "type": "git",
                "url": "git@github.com:BoylenStaff/bn-breadcrumbs.git",
                "reference": "73f94542056f128606aaa45fefaa5c6a9a9831b2"
            },
            "dist": {
                "type": "zip",
                "url": "https://api.github.com/repos/BoylenStaff/bn-breadcrumbs/zipball/73f94542056f128606aaa45fefaa5c6a9a9831b2",
                "reference": "73f94542056f128606aaa45fefaa5c6a9a9831b2",
                "shasum": ""
            },
            "type": "wordpress-muplugin",
            "description": "Standard Boylen Breadcrumbs plugin.",
            "support": {
                "source": "https://github.com/BoylenStaff/bn-breadcrumbs/tree/1.0.1",
                "issues": "https://github.com/BoylenStaff/bn-breadcrumbs/issues"
            },
            "time": "2019-06-06T04:22:03+00:00"
        },
        {
            "name": "boylenstaff/bn-core",
            "version": "1.0.2",
            "source": {
                "type": "git",
                "url": "git@github.com:BoylenStaff/bn-core.git",
                "reference": "c2d8663246ed2cc98a783c3f329d535ed6e8dc95"
            },
            "dist": {
                "type": "zip",
                "url": "https://api.github.com/repos/BoylenStaff/bn-core/zipball/c2d8663246ed2cc98a783c3f329d535ed6e8dc95",
                "reference": "c2d8663246ed2cc98a783c3f329d535ed6e8dc95",
                "shasum": ""
            },
            "type": "wordpress-muplugin",
            "description": "Standard Boylen functionality.",
            "support": {
                "source": "https://github.com/BoylenStaff/bn-core/tree/1.0.2",
                "issues": "https://github.com/BoylenStaff/bn-core/issues"
            },
            "time": "2019-08-15T00:29:16+00:00"
        },
        {
            "name": "boylenstaff/bn-seo",
            "version": "1.0.0",
            "source": {
                "type": "git",
                "url": "git@github.com:BoylenStaff/bn-seo.git",
                "reference": "d8f5d0a4fe379ab937058c173bcf959559421fff"
            },
            "dist": {
                "type": "zip",
                "url": "https://api.github.com/repos/BoylenStaff/bn-seo/zipball/d8f5d0a4fe379ab937058c173bcf959559421fff",
                "reference": "d8f5d0a4fe379ab937058c173bcf959559421fff",
                "shasum": ""
            },
            "type": "wordpress-muplugin",
            "description": "Standard Boylen SEO plugin.",
            "support": {
                "source": "https://github.com/BoylenStaff/bn-seo/tree/1.0.0",
                "issues": "https://github.com/BoylenStaff/bn-seo/issues"
            },
            "time": "2019-03-13T00:03:29+00:00"
        },
        {
            "name": "boylenstaff/boylen-plus",
            "version": "1.0.14",
            "source": {
                "type": "git",
                "url": "git@github.com:BoylenStaff/boylen-plus.git",
                "reference": "df8b7074578f6e98447bf11b43e3217accf4ee8e"
            },
            "dist": {
                "type": "zip",
                "url": "https://api.github.com/repos/BoylenStaff/boylen-plus/zipball/df8b7074578f6e98447bf11b43e3217accf4ee8e",
                "reference": "df8b7074578f6e98447bf11b43e3217accf4ee8e",
                "shasum": ""
            },
            "require-dev": {
                "squizlabs/php_codesniffer": "*",
                "wp-coding-standards/wpcs": "1.2.1"
            },
            "type": "wordpress-theme",
            "description": "Standard Boylen theme.",
            "support": {
                "source": "https://github.com/BoylenStaff/boylen-plus/tree/1.0.14",
                "issues": "https://github.com/BoylenStaff/boylen-plus/issues"
            },
            "time": "2020-02-04T04:22:52+00:00"
        },
        {
            "name": "composer/installers",
            "version": "v1.7.0",
            "source": {
                "type": "git",
                "url": "https://github.com/composer/installers.git",
                "reference": "141b272484481432cda342727a427dc1e206bfa0"
            },
            "dist": {
                "type": "zip",
                "url": "https://api.github.com/repos/composer/installers/zipball/141b272484481432cda342727a427dc1e206bfa0",
                "reference": "141b272484481432cda342727a427dc1e206bfa0",
                "shasum": ""
            },
            "require": {
                "composer-plugin-api": "^1.0"
            },
            "replace": {
                "roundcube/plugin-installer": "*",
                "shama/baton": "*"
            },
            "require-dev": {
                "composer/composer": "1.0.*@dev",
                "phpunit/phpunit": "^4.8.36"
            },
            "type": "composer-plugin",
            "extra": {
                "class": "Composer\\Installers\\Plugin",
                "branch-alias": {
                    "dev-master": "1.0-dev"
                }
            },
            "autoload": {
                "psr-4": {
                    "Composer\\Installers\\": "src/Composer/Installers"
                }
            },
            "notification-url": "https://packagist.org/downloads/",
            "license": [
                "MIT"
            ],
            "authors": [
                {
                    "name": "Kyle Robinson Young",
                    "email": "kyle@dontkry.com",
                    "homepage": "https://github.com/shama"
                }
            ],
            "description": "A multi-framework Composer library installer",
            "homepage": "https://composer.github.io/installers/",
            "keywords": [
                "Craft",
                "Dolibarr",
                "Eliasis",
                "Hurad",
                "ImageCMS",
                "Kanboard",
                "Lan Management System",
                "MODX Evo",
                "Mautic",
                "Maya",
                "OXID",
                "Plentymarkets",
                "Porto",
                "RadPHP",
                "SMF",
                "Thelia",
                "Whmcs",
                "WolfCMS",
                "agl",
                "aimeos",
                "annotatecms",
                "attogram",
                "bitrix",
                "cakephp",
                "chef",
                "cockpit",
                "codeigniter",
                "concrete5",
                "croogo",
                "dokuwiki",
                "drupal",
                "eZ Platform",
                "elgg",
                "expressionengine",
                "fuelphp",
                "grav",
                "installer",
                "itop",
                "joomla",
                "known",
                "kohana",
                "laravel",
                "lavalite",
                "lithium",
                "magento",
                "majima",
                "mako",
                "mediawiki",
                "modulework",
                "modx",
                "moodle",
                "osclass",
                "phpbb",
                "piwik",
                "ppi",
                "puppet",
                "pxcms",
                "reindex",
                "roundcube",
                "shopware",
                "silverstripe",
                "sydes",
                "symfony",
                "typo3",
                "wordpress",
                "yawik",
                "zend",
                "zikula"
            ],
            "time": "2019-08-12T15:00:31+00:00"
        },
        {
            "name": "junaidbhura/advanced-custom-fields-pro",
            "version": "5.8.4",
            "dist": {
                "type": "zip",
                "url": "https://www.advancedcustomfields.com"
            },
            "require": {
                "junaidbhura/composer-wp-pro-plugins": "*"
            },
            "type": "wordpress-plugin"
        },
        {
            "name": "junaidbhura/composer-wp-pro-plugins",
            "version": "1.0.7",
            "source": {
                "type": "git",
                "url": "https://github.com/junaidbhura/composer-wp-pro-plugins.git",
                "reference": "8e15cf88886cd7128a6c43fd19520d88e920d07a"
            },
            "dist": {
                "type": "zip",
                "url": "https://api.github.com/repos/junaidbhura/composer-wp-pro-plugins/zipball/8e15cf88886cd7128a6c43fd19520d88e920d07a",
                "reference": "8e15cf88886cd7128a6c43fd19520d88e920d07a",
                "shasum": ""
            },
            "require": {
                "composer-plugin-api": "^1.1",
                "vlucas/phpdotenv": "^3.0"
            },
            "type": "composer-plugin",
            "extra": {
                "class": "Junaidbhura\\Composer\\WPProPlugins\\Installer"
            },
            "autoload": {
                "psr-4": {
                    "Junaidbhura\\Composer\\WPProPlugins\\": "",
                    "Junaidbhura\\Composer\\WPProPlugins\\Plugins\\": "plugins"
                }
            },
            "authors": [
                {
                    "name": "Junaid Bhura",
                    "email": "info@junaidbhura.com"
                }
            ],
            "support": {
                "source": "https://github.com/junaidbhura/composer-wp-pro-plugins/tree/1.0.7",
                "issues": "https://github.com/junaidbhura/composer-wp-pro-plugins/issues"
            },
            "time": "2019-03-05T00:14:01+00:00"
        },
        {
            "name": "junaidbhura/gumponents",
            "version": "0.4.0",
            "source": {
                "type": "git",
                "url": "https://github.com/junaidbhura/gumponents.git",
                "reference": "1d4854fbb8607ea4e58f6d15b4817dd097afee0b"
            },
            "dist": {
                "type": "zip",
                "url": "https://api.github.com/repos/junaidbhura/gumponents/zipball/1d4854fbb8607ea4e58f6d15b4817dd097afee0b",
                "reference": "1d4854fbb8607ea4e58f6d15b4817dd097afee0b",
                "shasum": ""
            },
            "require": {
                "composer/installers": "~1.0"
            },
            "type": "wordpress-plugin",
            "authors": [
                {
                    "name": "Junaid Bhura",
                    "email": "info@junaidbhura.com",
                    "homepage": "https://junaidbhura.com"
                }
            ],
            "description": "Essential Gutenberg components for WordPress.",
            "homepage": "https://github.com/junaidbhura/gumponents",
            "keywords": [
                "gutenberg",
                "react",
                "wordpress"
            ],
            "support": {
                "issues": "https://github.com/junaidbhura/gumponents/issues",
                "source": "https://github.com/junaidbhura/gumponents"
            },
            "time": "2019-05-22T05:18:04+00:00"
        },
        {
            "name": "oscarotero/env",
            "version": "v1.2.0",
            "source": {
                "type": "git",
                "url": "https://github.com/oscarotero/env.git",
                "reference": "4ab45ce5c1f2c62549208426bfa20a3d5fa008c6"
            },
            "dist": {
                "type": "zip",
                "url": "https://api.github.com/repos/oscarotero/env/zipball/4ab45ce5c1f2c62549208426bfa20a3d5fa008c6",
                "reference": "4ab45ce5c1f2c62549208426bfa20a3d5fa008c6",
                "shasum": ""
            },
            "require": {
                "ext-ctype": "*",
                "php": ">=5.2"
            },
            "type": "library",
            "autoload": {
                "psr-0": {
                    "Env": "src/"
                }
            },
            "notification-url": "https://packagist.org/downloads/",
            "license": [
                "MIT"
            ],
            "authors": [
                {
                    "name": "Oscar Otero",
                    "email": "oom@oscarotero.com",
                    "homepage": "http://oscarotero.com",
                    "role": "Developer"
                }
            ],
            "description": "Simple library to consume environment variables",
            "homepage": "https://github.com/oscarotero/env",
            "keywords": [
                "env"
            ],
            "time": "2019-04-03T18:28:43+00:00"
        },
        {
            "name": "phpoption/phpoption",
            "version": "1.7.2",
            "source": {
                "type": "git",
                "url": "https://github.com/schmittjoh/php-option.git",
                "reference": "77f7c4d2e65413aff5b5a8cc8b3caf7a28d81959"
            },
            "dist": {
                "type": "zip",
                "url": "https://api.github.com/repos/schmittjoh/php-option/zipball/77f7c4d2e65413aff5b5a8cc8b3caf7a28d81959",
                "reference": "77f7c4d2e65413aff5b5a8cc8b3caf7a28d81959",
                "shasum": ""
            },
            "require": {
                "php": "^5.5.9 || ^7.0"
            },
            "require-dev": {
                "bamarni/composer-bin-plugin": "^1.3",
                "phpunit/phpunit": "^4.8.35 || ^5.0 || ^6.0 || ^7.0"
            },
            "type": "library",
            "extra": {
                "branch-alias": {
                    "dev-master": "1.7-dev"
                }
            },
            "autoload": {
                "psr-4": {
                    "PhpOption\\": "src/PhpOption/"
                }
            },
            "notification-url": "https://packagist.org/downloads/",
            "license": [
                "Apache-2.0"
            ],
            "authors": [
                {
                    "name": "Johannes M. Schmitt",
                    "email": "schmittjoh@gmail.com"
                },
                {
                    "name": "Graham Campbell",
                    "email": "graham@alt-three.com"
                }
            ],
            "description": "Option Type for PHP",
            "keywords": [
                "language",
                "option",
                "php",
                "type"
            ],
            "time": "2019-12-15T19:35:24+00:00"
        },
        {
            "name": "roots/wordpress",
            "version": "5.3.2",
            "source": {
                "type": "git",
                "url": "https://github.com/WordPress/WordPress.git",
                "reference": "5.3.2"
            },
            "dist": {
                "type": "zip",
                "url": "https://api.github.com/repos/WordPress/WordPress/zipball/5.3.2",
                "reference": "5.3.2"
            },
            "require": {
                "php": ">=5.3.2",
                "roots/wordpress-core-installer": ">=1.0.0"
            },
            "type": "wordpress-core",
            "notification-url": "https://packagist.org/downloads/",
            "license": [
                "GPL-2.0-or-later"
            ],
            "authors": [
                {
                    "name": "WordPress Community",
                    "homepage": "https://wordpress.org/about/"
                }
            ],
            "description": "WordPress is web software you can use to create a beautiful website or blog.",
            "homepage": "https://wordpress.org/",
            "keywords": [
                "blog",
                "cms",
                "wordpress"
            ],
            "time": "2019-12-18T22:19:57+00:00"
        },
        {
            "name": "roots/wordpress-core-installer",
            "version": "1.1.0",
            "source": {
                "type": "git",
                "url": "https://github.com/roots/wordpress-core-installer.git",
                "reference": "83744b1ba5bbdb5bb225f47e24da61a6cf6c5b80"
            },
            "dist": {
                "type": "zip",
                "url": "https://api.github.com/repos/roots/wordpress-core-installer/zipball/83744b1ba5bbdb5bb225f47e24da61a6cf6c5b80",
                "reference": "83744b1ba5bbdb5bb225f47e24da61a6cf6c5b80",
                "shasum": ""
            },
            "require": {
                "composer-plugin-api": "^1.0"
            },
            "conflict": {
                "composer/installers": "<1.0.6"
            },
            "replace": {
                "johnpbloch/wordpress-core-installer": "*"
            },
            "require-dev": {
                "composer/composer": "^1.0",
                "phpunit/phpunit": ">=4.8.35"
            },
            "type": "composer-plugin",
            "extra": {
                "class": "Roots\\Composer\\WordPressCorePlugin"
            },
            "autoload": {
                "psr-4": {
                    "Roots\\Composer\\": "src/"
                }
            },
            "notification-url": "https://packagist.org/downloads/",
            "license": [
                "GPL-2.0-or-later"
            ],
            "authors": [
                {
                    "name": "John P. Bloch",
                    "email": "me@johnpbloch.com"
                },
                {
                    "name": "Roots",
                    "email": "team@roots.io"
                }
            ],
            "description": "A custom installer to handle deploying WordPress with composer",
            "keywords": [
                "wordpress"
            ],
            "time": "2018-12-10T00:22:15+00:00"
        },
        {
            "name": "roots/wp-config",
            "version": "1.0.0",
            "source": {
                "type": "git",
                "url": "https://github.com/roots/wp-config.git",
                "reference": "37c38230796119fb487fa03346ab0706ce6d4962"
            },
            "dist": {
                "type": "zip",
                "url": "https://api.github.com/repos/roots/wp-config/zipball/37c38230796119fb487fa03346ab0706ce6d4962",
                "reference": "37c38230796119fb487fa03346ab0706ce6d4962",
                "shasum": ""
            },
            "require": {
                "php": ">=5.6"
            },
            "require-dev": {
                "php-coveralls/php-coveralls": "^2.1",
                "phpunit/phpunit": "^5.7",
                "roave/security-advisories": "dev-master",
                "squizlabs/php_codesniffer": "^3.3"
            },
            "type": "library",
            "autoload": {
                "psr-4": {
                    "Roots\\WPConfig\\": "src"
                }
            },
            "notification-url": "https://packagist.org/downloads/",
            "license": [
                "MIT"
            ],
            "authors": [
                {
                    "name": "Austin Pray",
                    "email": "austin@austinpray.com"
                }
            ],
            "description": "Collect configuration values and safely define() them",
            "time": "2018-08-10T14:18:38+00:00"
        },
        {
            "name": "symfony/polyfill-ctype",
            "version": "v1.13.1",
            "source": {
                "type": "git",
                "url": "https://github.com/symfony/polyfill-ctype.git",
                "reference": "f8f0b461be3385e56d6de3dbb5a0df24c0c275e3"
            },
            "dist": {
                "type": "zip",
                "url": "https://api.github.com/repos/symfony/polyfill-ctype/zipball/f8f0b461be3385e56d6de3dbb5a0df24c0c275e3",
                "reference": "f8f0b461be3385e56d6de3dbb5a0df24c0c275e3",
                "shasum": ""
            },
            "require": {
                "php": ">=5.3.3"
            },
            "suggest": {
                "ext-ctype": "For best performance"
            },
            "type": "library",
            "extra": {
                "branch-alias": {
                    "dev-master": "1.13-dev"
                }
            },
            "autoload": {
                "psr-4": {
                    "Symfony\\Polyfill\\Ctype\\": ""
                },
                "files": [
                    "bootstrap.php"
                ]
            },
            "notification-url": "https://packagist.org/downloads/",
            "license": [
                "MIT"
            ],
            "authors": [
                {
                    "name": "Gert de Pagter",
                    "email": "BackEndTea@gmail.com"
                },
                {
                    "name": "Symfony Community",
                    "homepage": "https://symfony.com/contributors"
                }
            ],
            "description": "Symfony polyfill for ctype functions",
            "homepage": "https://symfony.com",
            "keywords": [
                "compatibility",
                "ctype",
                "polyfill",
                "portable"
            ],
            "time": "2019-11-27T13:56:44+00:00"
        },
        {
            "name": "vlucas/phpdotenv",
            "version": "v3.6.0",
            "source": {
                "type": "git",
                "url": "https://github.com/vlucas/phpdotenv.git",
                "reference": "1bdf24f065975594f6a117f0f1f6cabf1333b156"
            },
            "dist": {
                "type": "zip",
                "url": "https://api.github.com/repos/vlucas/phpdotenv/zipball/1bdf24f065975594f6a117f0f1f6cabf1333b156",
                "reference": "1bdf24f065975594f6a117f0f1f6cabf1333b156",
                "shasum": ""
            },
            "require": {
                "php": "^5.4 || ^7.0",
                "phpoption/phpoption": "^1.5",
                "symfony/polyfill-ctype": "^1.9"
            },
            "require-dev": {
                "phpunit/phpunit": "^4.8.35 || ^5.0 || ^6.0 || ^7.0"
            },
            "type": "library",
            "extra": {
                "branch-alias": {
                    "dev-master": "3.6-dev"
                }
            },
            "autoload": {
                "psr-4": {
                    "Dotenv\\": "src/"
                }
            },
            "notification-url": "https://packagist.org/downloads/",
            "license": [
                "BSD-3-Clause"
            ],
            "authors": [
                {
                    "name": "Graham Campbell",
                    "email": "graham@alt-three.com",
                    "homepage": "https://gjcampbell.co.uk/"
                },
                {
                    "name": "Vance Lucas",
                    "email": "vance@vancelucas.com",
                    "homepage": "https://vancelucas.com/"
                }
            ],
            "description": "Loads environment variables from `.env` to `getenv()`, `$_ENV` and `$_SERVER` automagically.",
            "keywords": [
                "dotenv",
                "env",
                "environment"
            ],
            "time": "2019-09-10T21:37:39+00:00"
        },
        {
            "name": "wpackagist-plugin/duracelltomi-google-tag-manager",
            "version": "1.11.2",
            "source": {
                "type": "svn",
                "url": "https://plugins.svn.wordpress.org/duracelltomi-google-tag-manager/",
                "reference": "tags/1.11.2"
            },
            "dist": {
                "type": "zip",
                "url": "https://downloads.wordpress.org/plugin/duracelltomi-google-tag-manager.1.11.2.zip"
            },
            "require": {
                "composer/installers": "~1.0"
            },
            "type": "wordpress-plugin",
            "homepage": "https://wordpress.org/plugins/duracelltomi-google-tag-manager/"
        },
        {
            "name": "wpackagist-plugin/redirection",
            "version": "4.6.2",
            "source": {
                "type": "svn",
                "url": "https://plugins.svn.wordpress.org/redirection/",
                "reference": "trunk"
            },
            "dist": {
                "type": "zip",
                "url": "https://downloads.wordpress.org/plugin/redirection.zip?timestamp=1578293412"
            },
            "require": {
                "composer/installers": "~1.0"
            },
            "type": "wordpress-plugin",
            "homepage": "https://wordpress.org/plugins/redirection/"
        },
        {
            "name": "wpackagist-plugin/wordpress-seo",
            "version": "13.0",
            "source": {
                "type": "svn",
                "url": "https://plugins.svn.wordpress.org/wordpress-seo/",
                "reference": "tags/13.0"
            },
            "dist": {
                "type": "zip",
                "url": "https://downloads.wordpress.org/plugin/wordpress-seo.13.0.zip"
            },
            "require": {
                "composer/installers": "~1.0"
            },
            "type": "wordpress-plugin",
            "homepage": "https://wordpress.org/plugins/wordpress-seo/"
        }
    ],
    "packages-dev": [
        {
            "name": "squizlabs/php_codesniffer",
            "version": "3.5.4",
            "source": {
                "type": "git",
                "url": "https://github.com/squizlabs/PHP_CodeSniffer.git",
                "reference": "dceec07328401de6211037abbb18bda423677e26"
            },
            "dist": {
                "type": "zip",
                "url": "https://api.github.com/repos/squizlabs/PHP_CodeSniffer/zipball/dceec07328401de6211037abbb18bda423677e26",
                "reference": "dceec07328401de6211037abbb18bda423677e26",
                "shasum": ""
            },
            "require": {
                "ext-simplexml": "*",
                "ext-tokenizer": "*",
                "ext-xmlwriter": "*",
                "php": ">=5.4.0"
            },
            "require-dev": {
                "phpunit/phpunit": "^4.0 || ^5.0 || ^6.0 || ^7.0"
            },
            "bin": [
                "bin/phpcs",
                "bin/phpcbf"
            ],
            "type": "library",
            "extra": {
                "branch-alias": {
                    "dev-master": "3.x-dev"
                }
            },
            "notification-url": "https://packagist.org/downloads/",
            "license": [
                "BSD-3-Clause"
            ],
            "authors": [
                {
                    "name": "Greg Sherwood",
                    "role": "lead"
                }
            ],
            "description": "PHP_CodeSniffer tokenizes PHP, JavaScript and CSS files and detects violations of a defined set of coding standards.",
            "homepage": "https://github.com/squizlabs/PHP_CodeSniffer",
            "keywords": [
                "phpcs",
                "standards"
            ],
            "time": "2020-01-30T22:20:29+00:00"
        },
        {
            "name": "wp-coding-standards/wpcs",
            "version": "2.2.1",
            "source": {
                "type": "git",
                "url": "https://github.com/WordPress/WordPress-Coding-Standards.git",
                "reference": "b5a453203114cc2284b1a614c4953456fbe4f546"
            },
            "dist": {
                "type": "zip",
                "url": "https://api.github.com/repos/WordPress/WordPress-Coding-Standards/zipball/b5a453203114cc2284b1a614c4953456fbe4f546",
                "reference": "b5a453203114cc2284b1a614c4953456fbe4f546",
                "shasum": ""
            },
            "require": {
                "php": ">=5.4",
                "squizlabs/php_codesniffer": "^3.3.1"
            },
            "require-dev": {
                "dealerdirect/phpcodesniffer-composer-installer": "^0.5 || ^0.6",
                "phpcompatibility/php-compatibility": "^9.0",
                "phpunit/phpunit": "^4.0 || ^5.0 || ^6.0 || ^7.0"
            },
            "suggest": {
                "dealerdirect/phpcodesniffer-composer-installer": "^0.6 || This Composer plugin will sort out the PHPCS 'installed_paths' automatically."
            },
            "type": "phpcodesniffer-standard",
            "notification-url": "https://packagist.org/downloads/",
            "license": [
                "MIT"
            ],
            "authors": [
                {
                    "name": "Contributors",
                    "homepage": "https://github.com/WordPress/WordPress-Coding-Standards/graphs/contributors"
                }
            ],
            "description": "PHP_CodeSniffer rules (sniffs) to enforce WordPress coding conventions",
            "keywords": [
                "phpcs",
                "standards",
                "wordpress"
            ],
            "time": "2020-02-04T02:52:06+00:00"
        }
    ],
    "aliases": [],
    "minimum-stability": "stable",
    "stability-flags": [],
    "prefer-stable": false,
    "prefer-lowest": false,
    "platform": {
        "php": ">=7.1"
    },
    "platform-dev": []
}
